
Microsoft Visual Studio Solution File, Format Version 12.00
# Visual Studio Version 17
VisualStudioVersion = 17.1.32210.238
MinimumVisualStudioVersion = 10.0.40219.1
Project("{9A19103F-16F7-4668-BE54-9A1E7A4F7556}") = "Domain", "Domain\Domain.csproj", "{5F106F55-2C1B-4C3E-9EEC-1DAFF7866AC7}"
EndProject
Project("{2150E333-8FDC-42A3-9474-1A3956D46DE8}") = "samples", "samples", "{A78AD213-ED47-4E9A-AA93-2067927EA2B1}"
EndProject
Project("{9A19103F-16F7-4668-BE54-9A1E7A4F7556}") = "BogusSamples", "BogusSamples\BogusSamples.csproj", "{46DFF9AB-0639-4392-AC49-780AA1F2A7A9}"
EndProject
Project("{FAE04EC0-301F-11D3-BF4B-00C04F79EFBC}") = "AutoFixtureSamples", "AutoFixtureSamples\AutoFixtureSamples.csproj", "{F2E3D3EF-71C1-4CC8-952A-66AB4C6A3110}"
EndProject
Global
	GlobalSection(SolutionConfigurationPlatforms) = preSolution
		Debug|Any CPU = Debug|Any CPU
		Release|Any CPU = Release|Any CPU
	EndGlobalSection
	GlobalSection(ProjectConfigurationPlatforms) = postSolution
		{5F106F55-2C1B-4C3E-9EEC-1DAFF7866AC7}.Debug|Any CPU.ActiveCfg = Debug|Any CPU
		{5F106F55-2C1B-4C3E-9EEC-1DAFF7866AC7}.Debug|Any CPU.Build.0 = Debug|Any CPU
		{5F106F55-2C1B-4C3E-9EEC-1DAFF7866AC7}.Release|Any CPU.ActiveCfg = Release|Any CPU
		{5F106F55-2C1B-4C3E-9EEC-1DAFF7866AC7}.Release|Any CPU.Build.0 = Release|Any CPU
		{46DFF9AB-0639-4392-AC49-780AA1F2A7A9}.Debug|Any CPU.ActiveCfg = Debug|Any CPU
		{46DFF9AB-0639-4392-AC49-780AA1F2A7A9}.Debug|Any CPU.Build.0 = Debug|Any CPU
		{46DFF9AB-0639-4392-AC49-780AA1F2A7A9}.Release|Any CPU.ActiveCfg = Release|Any CPU
		{46DFF9AB-0639-4392-AC49-780AA1F2A7A9}.Release|Any CPU.Build.0 = Release|Any CPU
		{F2E3D3EF-71C1-4CC8-952A-66AB4C6A3110}.Debug|Any CPU.ActiveCfg = Debug|Any CPU
		{F2E3D3EF-71C1-4CC8-952A-66AB4C6A3110}.Debug|Any CPU.Build.0 = Debug|Any CPU
		{F2E3D3EF-71C1-4CC8-952A-66AB4C6A3110}.Release|Any CPU.ActiveCfg = Release|Any CPU
		{F2E3D3EF-71C1-4CC8-952A-66AB4C6A3110}.Release|Any CPU.Build.0 = Release|Any CPU
	EndGlobalSection
	GlobalSection(SolutionProperties) = preSolution
		HideSolutionNode = FALSE
	EndGlobalSection
	GlobalSection(NestedProjects) = preSolution
		{46DFF9AB-0639-4392-AC49-780AA1F2A7A9} = {A78AD213-ED47-4E9A-AA93-2067927EA2B1}
		{F2E3D3EF-71C1-4CC8-952A-66AB4C6A3110} = {A78AD213-ED47-4E9A-AA93-2067927EA2B1}
	EndGlobalSection
	GlobalSection(ExtensibilityGlobals) = postSolution
		SolutionGuid = {943FB197-D4E8-46DD-ABF7-1AE7EEBD646D}
	EndGlobalSection
EndGlobal
